# This file was autogenerated by uv via the following command:
#    uv export --format requirements.txt --only-dev --output-file requirements-dev.lock
astroid==2.11.6 \
    --hash=sha256:4f933d0bf5e408b03a6feb5d23793740c27e07340605f236496cd6ce552043d6 \
    --hash=sha256:ba33a82a9a9c06a5ceed98180c5aab16e29c285b828d94696bf32d6015ea82a9
    # via pylint
atomicwrites==1.4.1 ; sys_platform == 'win32' \
    --hash=sha256:81b2c9071a49367a7f770170e5eec8cb66567cfbbc8c73d20ce5ca4a8d71cf11
    # via pytest
attrs==20.2.0 \
    --hash=sha256:26b54ddbbb9ee1d34d5d3668dd37d6cf74990ab23c828c2888dccdceee395594 \
    --hash=sha256:fce7fc47dfc976152e82d53ff92fa0407700c21acd20886a13777a0d20e655dc
    # via pytest
black==22.1.0 \
    --hash=sha256:3524739d76b6b3ed1132422bf9d82123cd1705086723bc3e235ca39fd21c667d \
    --hash=sha256:a7c0192d35635f6fc1174be575cb7915e92e5dd629ee79fdaf0dcfa41a80afb5
cfgv==3.4.0 \
    --hash=sha256:b7265b1f29fd3316bfcd2b330d63d024f2bfd8bcb8b0272f8e19a504856c48f9 \
    --hash=sha256:e52591d4c5f5dead8e0f673fb16db7949d2cfb3f7da4582893288f0ded8fe560
    # via pre-commit
click==8.0.3 \
    --hash=sha256:353f466495adaeb40b6b5f592f9f91cb22372351c84caeb068132442a4518ef3 \
    --hash=sha256:410e932b050f5eed773c4cda94de75971c89cdb3155a72a0831139a79e5ecb5b
    # via
    #   black
    #   djlint
colorama==0.4.5 \
    --hash=sha256:854bf444933e37f5824ae7bfc1e98d5bce2ebe4160d46b5edf346a89358e99da \
    --hash=sha256:e6c6b4334fc50988a639d9b98aa429a0b57da6e17b9a44f0451f930b6967b7a4
    # via
    #   click
    #   djlint
    #   pylint
    #   pytest
    #   tqdm
coverage==6.4.2 \
    --hash=sha256:6c3ccfe89c36f3e5b9837b9ee507472310164f352c9fe332120b764c9d60adbe
    # via pytest-cov
cssbeautifier==1.15.1 \
    --hash=sha256:9f7064362aedd559c55eeecf6b6bed65e05f33488dcbe39044f0403c26e1c006
    # via djlint
dill==0.3.5.1 \
    --hash=sha256:33501d03270bbe410c72639b350e941882a8b0fd55357580fbc873fba0c59302 \
    --hash=sha256:d75e41f3eff1eee599d738e76ba8f4ad98ea229db8b085318aa2b3333a208c86
    # via pylint
distlib==0.3.8 \
    --hash=sha256:034db59a0b96f8ca18035f36290806a9a6e6bd9d1ff91e45a7f172eb17e51784 \
    --hash=sha256:1530ea13e350031b6312d8580ddb6b27a104275a31106523b8f123787f494f64
    # via virtualenv
djlint==1.35.3 \
    --hash=sha256:780ea3e25662fca89033fa96ecf656099954d6f81dce039eac90f4bba3cbe850 \
    --hash=sha256:bf2f23798909f9c5a110925c369538383de0141f9a2be37ee0d26422d41b7543
editorconfig==0.17.0 \
    --hash=sha256:8739052279699840065d3a9f5c125d7d5a98daeefe53b0e5274261d77cb49aa2 \
    --hash=sha256:fe491719c5f65959ec00b167d07740e7ffec9a3f362038c72b289330b9991dfc
    # via
    #   cssbeautifier
    #   jsbeautifier
filelock==3.15.4 \
    --hash=sha256:2207938cbc1844345cb01a5a95524dae30f0ce089eba5b00378295a17e3e90cb \
    --hash=sha256:6ca1fffae96225dab4c6eaf1c4f4f28cd2568d3ec2a44e15a08520504de468e7
    # via virtualenv
html-tag-names==0.1.2 \
    --hash=sha256:04924aca48770f36b5a41c27e4d917062507be05118acb0ba869c97389084297 \
    --hash=sha256:eeb69ef21078486b615241f0393a72b41352c5219ee648e7c61f5632d26f0420
    # via djlint
html-void-elements==0.1.0 \
    --hash=sha256:784cf39db03cdeb017320d9301009f8f3480f9d7b254d0974272e80e0cb5e0d2 \
    --hash=sha256:931b88f84cd606fee0b582c28fcd00e41d7149421fb673e1e1abd2f0c4f231f0
    # via djlint
identify==2.6.0 \
    --hash=sha256:cb171c685bdc31bcc4c1734698736a7d5b6c8bf2e0c15117f4d469c8640ae5cf \
    --hash=sha256:e79ae4406387a9d300332b5fd366d8994f1525e8414984e1a59e058b2eda2dd0
    # via pre-commit
iniconfig==1.0.1 \
    --hash=sha256:80cf40c597eb564e86346103f609d74efce0f6b4d4f30ec8ce9e2c26411ba437 \
    --hash=sha256:e5f92f89355a67de0595932a6c6c02ab4afddc6fcdc0bfc5becd0d60884d3f69
    # via pytest
isort==5.10.1 \
    --hash=sha256:6f62d78e2f89b4500b080fe3a81690850cd254227f27f75c3a0c491a1f351ba7 \
    --hash=sha256:e8443a5e7a020e9d7f97f1d7d9cd17c88bcb3bc7e218bf9cf5095fe550be2951
    # via pylint
jsbeautifier==1.15.1 \
    --hash=sha256:ebd733b560704c602d744eafc839db60a1ee9326e30a2a80c4adb8718adc1b24
    # via
    #   cssbeautifier
    #   djlint
json5==0.9.28 \
    --hash=sha256:1f82f36e615bc5b42f1bbd49dbc94b12563c56408c6ffa06414ea310890e9a6e \
    --hash=sha256:29c56f1accdd8bc2e037321237662034a7e07921e2b7223281a5ce2c46f0c4df
    # via djlint
lazy-object-proxy==1.7.1 \
    --hash=sha256:d609c75b986def706743cdebe5e47553f4a5a1da9c5ff66d76013ef396b5a8a4
    # via astroid
mccabe==0.7.0 \
    --hash=sha256:348e0240c33b60bbdf4e523192ef919f28cb2c3d7d5c7794f74009290f236325 \
    --hash=sha256:6c2d30ab6be0e4a46919781807b4f0d834ebdd6c6e3dca0bda5a15f863427b6e
    # via pylint
mypy-extensions==0.4.3 \
    --hash=sha256:090fedd75945a69ae91ce1303b5824f428daf5a028d2f6ab8a299250a846f15d \
    --hash=sha256:2d82818f5bb3e369420cb3c4060a7970edba416647068eb4c5343488a6c604a8
    # via black
nodeenv==1.9.1 \
    --hash=sha256:6ec12890a2dab7946721edbfbcd91f3319c6ccc9aec47be7c7e6b7011ee6645f \
    --hash=sha256:ba11c9782d29c27c70ffbdda2d7415098754709be8a7056d79a737cd901155c9
    # via pre-commit
packaging==24.2 \
    --hash=sha256:09abb1bccd265c01f4a3aa3f7a7db064b36514d2cba19a2f694fe6150451a759 \
    --hash=sha256:c228a6dc5e932d346bc5739379109d49e8853dd8223571c7c5b55260edc0b97f
    # via pytest
pathspec==0.12.1 \
    --hash=sha256:a0d503e138a4c123b27490a4f7beda6a01c6f288df0e4a8b79c7eb0dc7b4cc08 \
    --hash=sha256:a482d51503a1ab33b1c67a6c3813a26953dbdc71c31dacaef9a838c4e29f5712
    # via
    #   black
    #   djlint
platformdirs==2.4.1 \
    --hash=sha256:1d7385c7db91728b83efd0ca99a5afb296cab9d0ed8313a45ed8ba17967ecfca \
    --hash=sha256:440633ddfebcc36264232365d7840a970e75e1018d15b4327d11f91909045fda
    # via
    #   black
    #   pylint
    #   virtualenv
pluggy==0.13.1 \
    --hash=sha256:15b2acde666561e1298d71b523007ed7364de07029219b604cf808bfa1c765b0 \
    --hash=sha256:966c145cd83c96502c3c3868f50408687b38434af77734af1e9ca461a4081d2d
    # via pytest
pre-commit==4.1.0 \
    --hash=sha256:ae3f018575a588e30dfddfab9a05448bfbd6b73d78709617b5a2b853549716d4 \
    --hash=sha256:d29e7cb346295bcc1cc75fc3e92e343495e3ea0196c9ec6ba53f49f10ab6ae7b
py==1.11.0 \
    --hash=sha256:51c75c4126074b472f746a24399ad32f6053d1b34b68d2fa41e558e6f4a98719 \
    --hash=sha256:607c53218732647dff4acdfcd50cb62615cedf612e72d1724fb1a0cc6405b378
    # via pytest
pylint==2.14.4 \
    --hash=sha256:47705453aa9dce520e123a7d51843d5f0032cbfa06870f89f00927aa1f735a4a \
    --hash=sha256:89b61867db16eefb7b3c5b84afc94081edaf11544189e2b238154677529ad69f
pytest==7.0.1 \
    --hash=sha256:9ce3ff477af913ecf6321fe337b93a2c0dcf2a0a1439c43f5452112c1e4280db \
    --hash=sha256:e30905a0c131d3d94b89624a1cc5afec3e0ba2fbdb151867d8e0ebd49850f171
    # via pytest-cov
pytest-cov==3.0.0 \
    --hash=sha256:578d5d15ac4a25e5f961c938b85a05b09fdaae9deef3bb6de9a6e766622ca7a6 \
    --hash=sha256:e7f0f5b1617d2210a2cabc266dfe2f4c75a8d32fb89eafb7ad9d06f6d076d470
pyyaml==6.0.2 \
    --hash=sha256:0833f8694549e586547b576dcfaba4a6b55b9e96098b36cdc7ebefe667dfed48 \
    --hash=sha256:1f71ea527786de97d1a0cc0eacd1defc0985dcf6b3f17bb77dcfc8c34bec4dc5 \
    --hash=sha256:7e7401d0de89a9a855c839bc697c079a4af81cf878373abd7dc625847d25cbd8 \
    --hash=sha256:80bab7bfc629882493af4aa31a4cfa43a4c57c83813253626916b8c7ada83476 \
    --hash=sha256:8b9c7197f7cb2738065c481a0461e50ad02f18c78cd75775628afb4d7137fb3b \
    --hash=sha256:9b22676e8097e9e22e36d6b7bda33190d0d400f345f23d4065d48f4ca7ae0425 \
    --hash=sha256:c70c95198c015b85feafc136515252a261a84561b7b1d51e3384e0655ddf25ab \
    --hash=sha256:ce826d6ef20b1bc864f0a68340c8b3287705cae2f8b4b1d932177dcc76721725 \
    --hash=sha256:d584d9ec91ad65861cc08d42e834324ef890a082e591037abe114850ff7bbc3e \
    --hash=sha256:ef6107725bd54b262d6dedcc2af448a266975032bc85ef0172c5f059da6325b4
    # via
    #   djlint
    #   pre-commit
regex==2023.12.25 \
    --hash=sha256:29171aa128da69afdf4bde412d5bedc335f2ca8fcfe4489038577d05f16181e5 \
    --hash=sha256:43f7cd5754d02a56ae4ebb91b33461dc67be8e3e0153f593c509e21d219c5060 \
    --hash=sha256:4bfc2b16e3ba8850e0e262467275dd4d62f0d045e0e9eda2bc65078c0110a11f \
    --hash=sha256:518440c991f514331f4850a63560321f833979d145d7d81186dbe2f19e27ae3d \
    --hash=sha256:51f4b32f793812714fd5307222a7f77e739b9bc566dc94a18126aba3b92b98a3 \
    --hash=sha256:60080bb3d8617d96f0fb7e19796384cc2467447ef1c491694850ebd3670bc457 \
    --hash=sha256:8a0ccf52bb37d1a700375a6b395bff5dd15c50acb745f7db30415bae3c2b0715 \
    --hash=sha256:8c2c19dae8a3eb0ea45a8448356ed561be843b13cbc34b840922ddf565498c1c \
    --hash=sha256:ad83e7545b4ab69216cef4cc47e344d19622e28aabec61574b20257c65466d6a \
    --hash=sha256:b77e27b79448e34c2c51c09836033056a0547aa360c45eeeb67803da7b0eedaf \
    --hash=sha256:b7a635871143661feccce3979e1727c4e094f2bdfd3ec4b90dfd4f16f571a87a \
    --hash=sha256:ba99d8077424501b9616b43a2d208095746fb1284fc5ba490139651f971d39d9 \
    --hash=sha256:c3c4a78615b7762740531c27cf46e2f388d8d727d0c0c739e72048beb26c8a9d \
    --hash=sha256:cc37b9aeebab425f11f27e5e9e6cf580be7206c6582a64467a14dda211abc232 \
    --hash=sha256:d498eea3f581fbe1b34b59c697512a8baef88212f92e4c7830fcc1499f5b45a5 \
    --hash=sha256:e2610e9406d3b0073636a3a2e80db05a02f0c3169b5632022b4e81c0364bcda5
    # via djlint
ruff==0.1.5 \
    --hash=sha256:171276c1df6c07fa0597fb946139ced1c2978f4f0b8254f201281729981f3c17 \
    --hash=sha256:17ef33cd0bb7316ca65649fc748acc1406dfa4da96a3d0cde6d52f2e866c7b39 \
    --hash=sha256:32d47fc69261c21a4c48916f16ca272bf2f273eb635d91c65d5cd548bf1f3d96 \
    --hash=sha256:5cbec0ef2ae1748fb194f420fb03fb2c25c3258c86129af7172ff8f198f125ab \
    --hash=sha256:721f4b9d3b4161df8dc9f09aa8562e39d14e55a4dbaa451a8e55bdc9590e20f4 \
    --hash=sha256:82bfcb9927e88c1ed50f49ac6c9728dab3ea451212693fe40d08d314663e412f \
    --hash=sha256:9b97fd6da44d6cceb188147b68db69a5741fbc736465b5cea3928fdac0bc1aeb \
    --hash=sha256:a00a7ec893f665ed60008c70fe9eeb58d210e6b4d83ec6654a9904871f982a2a \
    --hash=sha256:a4894dddb476597a0ba4473d72a23151b8b3b0b5f958f2cf4d3f1c572cdb7af7 \
    --hash=sha256:a8c11206b47f283cbda399a654fd0178d7a389e631f19f51da15cbe631480c5b \
    --hash=sha256:aafb9d2b671ed934998e881e2c0f5845a4295e84e719359c71c39a5363cccc91 \
    --hash=sha256:b2c205827b3f8c13b4a432e9585750b93fd907986fe1aec62b2a02cf4401eee6 \
    --hash=sha256:bb408e3a2ad8f6881d0f2e7ad70cddb3ed9f200eb3517a91a245bbe27101d379 \
    --hash=sha256:c21fe20ee7d76206d290a76271c1af7a5096bc4c73ab9383ed2ad35f852a0087 \
    --hash=sha256:f20dc5e5905ddb407060ca27267c7174f532375c08076d1a953cf7bb016f5a24 \
    --hash=sha256:f80c73bba6bc69e4fdc73b3991db0b546ce641bdcd5b07210b8ad6f64c79f1ab \
    --hash=sha256:fa29e67b3284b9a79b1a85ee66e293a94ac6b7bb068b307a8a373c3d343aa8ec
setuptools==67.6.0 \
    --hash=sha256:2ee892cd5f29f3373097f5a814697e397cf3ce313616df0af11231e2ad118077 \
    --hash=sha256:b78aaa36f6b90a074c1fa651168723acbf45d14cb1196b6f02c0fd07f17623b2
    # via astroid
six==1.17.0 \
    --hash=sha256:4721f391ed90541fddacab5acf947aa0d3dc7d27b2e1e8eda2be8970586c3274 \
    --hash=sha256:ff70335d468e7eb6ec65b95b99d3a2836546063f63acc5171de367e834932a81
    # via
    #   cssbeautifier
    #   jsbeautifier
tomli==2.0.1 \
    --hash=sha256:939de3e7a6161af0c887ef91b7d41a53e7c5a1ca976325f429cb46ea9bc30ecc \
    --hash=sha256:de526c12914f0c550d15924c62d72abc48d6fe7364aa87328337a31007fe8a4f
    # via
    #   black
    #   pytest
tomlkit==0.11.0 \
    --hash=sha256:0f4050db66fd445b885778900ce4dd9aea8c90c4721141fde0d6ade893820ef1 \
    --hash=sha256:71ceb10c0eefd8b8f11fe34e8a51ad07812cb1dc3de23247425fbc9ddc47b9dd
    # via pylint
tqdm==4.64.0 \
    --hash=sha256:40be55d30e200777a307a7585aee69e4eabb46b4ec6a4b4a5f2d9f11e7d5408d \
    --hash=sha256:74a2cdefe14d11442cedf3ba4e21a3b84ff9a2dbdc6cfae2c34addb2a14a5ea6
    # via djlint
virtualenv==20.21.1 \
    --hash=sha256:09ddbe1af0c8ed2bb4d6ed226b9e6415718ad18aef9fa0ba023d96b7a8356049 \
    --hash=sha256:4c104ccde994f8b108163cf9ba58f3d11511d9403de87fb9b4f52bf33dbc8668
    # via pre-commit
wrapt==1.15.0 \
    --hash=sha256:64b1df0f83706b4ef4cfb4fb0e4c2669100fd7ecacfb59e091fad300d4e04640 \
    --hash=sha256:d06730c6aed78cee4126234cf2d071e01b44b915e725a6cb439a879ec9754a3a
    # via astroid
